
Microsoft Visual Studio Solution File, Format Version 12.00
# Visual Studio Version 17
VisualStudioVersion = 17.0.31903.59
MinimumVisualStudioVersion = 10.0.40219.1
Project("{FAE04EC0-301F-11D3-BF4B-00C04F79EFBC}") = "TesteNewTalents", "TesteNewTalents\TesteNewTalents.csproj", "{8AA17D79-B1B2-4DC5-8F80-478F98FD316B}"
EndProject
Project("{FAE04EC0-301F-11D3-BF4B-00C04F79EFBC}") = "NewTalents", "NewTalents\NewTalents.csproj", "{EA0513D1-072F-48D2-B868-BD0744137F59}"
EndProject
Global
	GlobalSection(SolutionConfigurationPlatforms) = preSolution
		Debug|Any CPU = Debug|Any CPU
		Release|Any CPU = Release|Any CPU
	EndGlobalSection
	GlobalSection(SolutionProperties) = preSolution
		HideSolutionNode = FALSE
	EndGlobalSection
	GlobalSection(ProjectConfigurationPlatforms) = postSolution
		{8AA17D79-B1B2-4DC5-8F80-478F98FD316B}.Debug|Any CPU.ActiveCfg = Debug|Any CPU
		{8AA17D79-B1B2-4DC5-8F80-478F98FD316B}.Debug|Any CPU.Build.0 = Debug|Any CPU
		{8AA17D79-B1B2-4DC5-8F80-478F98FD316B}.Release|Any CPU.ActiveCfg = Release|Any CPU
		{8AA17D79-B1B2-4DC5-8F80-478F98FD316B}.Release|Any CPU.Build.0 = Release|Any CPU
		{EA0513D1-072F-48D2-B868-BD0744137F59}.Debug|Any CPU.ActiveCfg = Debug|Any CPU
		{EA0513D1-072F-48D2-B868-BD0744137F59}.Debug|Any CPU.Build.0 = Debug|Any CPU
		{EA0513D1-072F-48D2-B868-BD0744137F59}.Release|Any CPU.ActiveCfg = Release|Any CPU
		{EA0513D1-072F-48D2-B868-BD0744137F59}.Release|Any CPU.Build.0 = Release|Any CPU
	EndGlobalSection
EndGlobal
